<?xml version="1.0" encoding="utf-8"?>
<Project ToolsVersion="4.0" xmlns="http://schemas.microsoft.com/developer/msbuild/2003">
  <ItemGroup>
    <ClInclude Include="stdint.h" />
    <ClInclude Include="string.h" />
    <ClInclude Include="float.h" />
    <ClInclude Include="stddef.h" />
    <ClInclude Include="stdlib.h" />
    <ClInclude Include="heap.h" />
    <ClInclude Include="sys\mmap.h">
      <Filter>sys</Filter>
    </ClInclude>
    <ClInclude Include="ctype.h" />
    <ClInclude Include="sys\utf.h">
      <Filter>sys</Filter>
    </ClInclude>
    <ClInclude Include="limits.h" />
    <ClInclude Include="sys\_exit.h">
      <Filter>sys</Filter>
    </ClInclude>
    <ClInclude Include="sys\_term.h">
      <Filter>sys</Filter>
    </ClInclude>
    <ClInclude Include="sys\_wait.h">
      <Filter>sys</Filter>
    </ClInclude>
    <ClInclude Include="sys\ioquery.h">
      <Filter>sys</Filter>
    </ClInclude>
    <ClInclude Include="sys\_process.h">
      <Filter>sys</Filter>
    </ClInclude>
    <ClInclude Include="sys\_ipc.h">
      <Filter>sys</Filter>
    </ClInclude>
    <ClInclude Include="sys\_sleep.h">
      <Filter>sys</Filter>
    </ClInclude>
    <ClInclude Include="sys\_thread.h">
      <Filter>sys</Filter>
    </ClInclude>
    <ClInclude Include="sys\_file.h">
      <Filter>sys</Filter>
    </ClInclude>
    <ClInclude Include="sys\types.h">
      <Filter>sys</Filter>
    </ClInclude>
    <ClInclude Include="stdarg.h" />
    <ClInclude Include="math.h" />
    <ClInclude Include="values.h" />
    <ClInclude Include="endian.h" />
    <ClInclude Include="c++\string">
      <Filter>c++</Filter>
    </ClInclude>
    <ClInclude Include="c++\iterator">
      <Filter>c++</Filter>
    </ClInclude>
    <ClInclude Include="c++\cstddef">
      <Filter>c++</Filter>
    </ClInclude>
    <ClInclude Include="c++\cstdlib">
      <Filter>c++</Filter>
    </ClInclude>
    <ClInclude Include="c++\cmath">
      <Filter>c++</Filter>
    </ClInclude>
    <ClInclude Include="c++\ostream">
      <Filter>c++</Filter>
    </ClInclude>
    <ClInclude Include="c++\istream">
      <Filter>c++</Filter>
    </ClInclude>
    <ClInclude Include="c++\ios">
      <Filter>c++</Filter>
    </ClInclude>
    <ClInclude Include="c++\streambuf">
      <Filter>c++</Filter>
    </ClInclude>
    <ClInclude Include="c++\memory">
      <Filter>c++</Filter>
    </ClInclude>
    <ClInclude Include="c++\iostream">
      <Filter>c++</Filter>
    </ClInclude>
    <ClInclude Include="c++\cctype">
      <Filter>c++</Filter>
    </ClInclude>
    <ClInclude Include="stdio.h" />
    <ClInclude Include="sys\_time.h">
      <Filter>sys</Filter>
    </ClInclude>
    <ClInclude Include="sys\_kybrd.h">
      <Filter>sys</Filter>
    </ClInclude>
    <ClInclude Include="sys\signal.h">
      <Filter>sys</Filter>
    </ClInclude>
    <ClInclude Include="fastcpy.h" />
    <ClInclude Include="setjmp.h" />
    <ClInclude Include="errno.h" />
    <ClInclude Include="sys\_xeneva.h">
      <Filter>sys</Filter>
    </ClInclude>
    <ClInclude Include="sys\postbox.h">
      <Filter>sys</Filter>
    </ClInclude>
    <ClInclude Include="sys\pe.h">
      <Filter>sys</Filter>
    </ClInclude>
    <ClInclude Include="sys\shm.h">
      <Filter>sys</Filter>
    </ClInclude>
  </ItemGroup>
  <ItemGroup>
    <ClCompile Include="string.cpp" />
    <ClCompile Include="heap.cpp" />
    <ClCompile Include="sys\stdlib.cpp" />
    <ClCompile Include="initializer.cpp" />
    <ClCompile Include="math.cpp" />
    <ClCompile Include="c++\_string.cpp">
      <Filter>c++</Filter>
    </ClCompile>
    <ClCompile Include="c++\memory.cpp">
      <Filter>c++</Filter>
    </ClCompile>
    <ClCompile Include="c++\iostream.cpp">
      <Filter>c++</Filter>
    </ClCompile>
    <ClCompile Include="c++\ios.cpp">
      <Filter>c++</Filter>
    </ClCompile>
    <ClCompile Include="c++\istream.cpp">
      <Filter>c++</Filter>
    </ClCompile>
    <ClCompile Include="c++\ostream.cpp">
      <Filter>c++</Filter>
    </ClCompile>
    <ClCompile Include="stdio.cpp" />
    <ClCompile Include="errno.cpp" />
    <ClCompile Include="qsort.cpp" />
    <ClCompile Include="sys\postbox.cpp">
      <Filter>sys</Filter>
    </ClCompile>
    <ClCompile Include="sys\_xeneva.cpp">
      <Filter>sys</Filter>
    </ClCompile>
    <ClCompile Include="_term.cpp">
      <Filter>sys</Filter>
    </ClCompile>
    <ClCompile Include="sys\mman.cpp">
      <Filter>sys</Filter>
    </ClCompile>
    <ClCompile Include="sys\pe.cpp">
      <Filter>sys</Filter>
    </ClCompile>
  </ItemGroup>
  <ItemGroup>
    <Filter Include="sys">
      <UniqueIdentifier>{70bd303c-b870-43b3-b9ab-073231887fea}</UniqueIdentifier>
    </Filter>
    <Filter Include="c++">
      <UniqueIdentifier>{0819fca2-7cf6-4dbd-87f5-fea846a02966}</UniqueIdentifier>
    </Filter>
  </ItemGroup>
  <ItemGroup>
    <NASM Include="crt0.asm" />
    <NASM Include="sys\callback.asm">
      <Filter>sys</Filter>
    </NASM>
    <NASM Include="_fast_copy.asm" />
    <NASM Include="setjmp.asm" />
  </ItemGroup>
</Project>