<?xml version="1.0" encoding="utf-8"?>
<Project ToolsVersion="4.0" xmlns="http://schemas.microsoft.com/developer/msbuild/2003">
  <ItemGroup>
    <Filter Include="include">
      <UniqueIdentifier>{00135211-25a3-4c10-946c-0caf80da2e20}</UniqueIdentifier>
    </Filter>
    <Filter Include="gui">
      <UniqueIdentifier>{4ee1ae08-25f7-40ec-ab04-927c578382e8}</UniqueIdentifier>
    </Filter>
    <Filter Include="include\gui">
      <UniqueIdentifier>{f0c4a88f-c43b-4446-899f-a81c1b680a6e}</UniqueIdentifier>
    </Filter>
    <Filter Include="include\xnwidget">
      <UniqueIdentifier>{0b8375fe-051e-4a85-800e-fbf22c242b41}</UniqueIdentifier>
    </Filter>
    <Filter Include="xnwidget">
      <UniqueIdentifier>{f3114771-e73e-473c-8fc2-5f944730c29c}</UniqueIdentifier>
    </Filter>
    <Filter Include="include\util">
      <UniqueIdentifier>{306dcd33-ddbc-4b1b-ae8e-60b106129ddf}</UniqueIdentifier>
    </Filter>
    <Filter Include="imaging">
      <UniqueIdentifier>{ce89defc-b632-47e5-a9f2-e53035c3cdbb}</UniqueIdentifier>
    </Filter>
    <Filter Include="include\imaging">
      <UniqueIdentifier>{d87254c8-3ab3-453f-b11b-ea6adec60422}</UniqueIdentifier>
    </Filter>
    <Filter Include="include\input">
      <UniqueIdentifier>{61dfad45-ed7c-4a86-80bc-36fa0c27602b}</UniqueIdentifier>
    </Filter>
    <Filter Include="input">
      <UniqueIdentifier>{a21389eb-1d43-4ebd-a838-feda24a66671}</UniqueIdentifier>
    </Filter>
  </ItemGroup>
  <ItemGroup>
    <ClInclude Include="include\xnsys.h">
      <Filter>include</Filter>
    </ClInclude>
    <ClInclude Include="include\stdint.h">
      <Filter>include</Filter>
    </ClInclude>
    <ClInclude Include="include\string.h">
      <Filter>include</Filter>
    </ClInclude>
    <ClInclude Include="include\mm.h">
      <Filter>include</Filter>
    </ClInclude>
    <ClInclude Include="include\gui\colors.h">
      <Filter>include\gui</Filter>
    </ClInclude>
    <ClInclude Include="include\gui\drawer.h">
      <Filter>include\gui</Filter>
    </ClInclude>
    <ClInclude Include="include\xnwidget\xnwidget.h">
      <Filter>include\xnwidget</Filter>
    </ClInclude>
    <ClInclude Include="include\xnwidget\xnwindow.h">
      <Filter>include\xnwidget</Filter>
    </ClInclude>
    <ClInclude Include="include\util\list.h">
      <Filter>include\util</Filter>
    </ClInclude>
    <ClInclude Include="include\xnwidget\xnbutton.h">
      <Filter>include\xnwidget</Filter>
    </ClInclude>
    <ClInclude Include="include\gui\font.h">
      <Filter>include\gui</Filter>
    </ClInclude>
    <ClInclude Include="include\xnwidget\geom_rect.h">
      <Filter>include\xnwidget</Filter>
    </ClInclude>
    <ClInclude Include="include\xnwidget\xnlabel.h">
      <Filter>include\xnwidget</Filter>
    </ClInclude>
    <ClInclude Include="include\xnwidget\xnmenubar.h">
      <Filter>include\xnwidget</Filter>
    </ClInclude>
    <ClInclude Include="include\xnwidget\xnmenu.h">
      <Filter>include\xnwidget</Filter>
    </ClInclude>
    <ClInclude Include="include\stdlib.h">
      <Filter>include</Filter>
    </ClInclude>
    <ClInclude Include="include\xnwidget\xnview.h">
      <Filter>include\xnwidget</Filter>
    </ClInclude>
    <ClInclude Include="include\imaging\jpeg.h">
      <Filter>include\imaging</Filter>
    </ClInclude>
    <ClInclude Include="include\input\KeyEvent.h">
      <Filter>include\input</Filter>
    </ClInclude>
  </ItemGroup>
  <ItemGroup>
    <ClCompile Include="string.cpp" />
    <ClCompile Include="mm.cpp" />
    <ClCompile Include="gui\drawer.cpp">
      <Filter>gui</Filter>
    </ClCompile>
    <ClCompile Include="xnsys.cpp" />
    <ClCompile Include="xnwidget\xnwindow.cpp">
      <Filter>xnwidget</Filter>
    </ClCompile>
    <ClCompile Include="list.cpp" />
    <ClCompile Include="xnwidget\xnbutton.cpp">
      <Filter>xnwidget</Filter>
    </ClCompile>
    <ClCompile Include="gui\font.cpp">
      <Filter>gui</Filter>
    </ClCompile>
    <ClCompile Include="xnwidget\xnlabel.cpp">
      <Filter>xnwidget</Filter>
    </ClCompile>
    <ClCompile Include="xnwidget\xnmenubar.cpp">
      <Filter>xnwidget</Filter>
    </ClCompile>
    <ClCompile Include="xnwidget\xnmenu.cpp">
      <Filter>xnwidget</Filter>
    </ClCompile>
    <ClCompile Include="stdlib.cpp" />
    <ClCompile Include="xnwidget\xnview.cpp">
      <Filter>xnwidget</Filter>
    </ClCompile>
    <ClCompile Include="input\KeyEvent.cpp">
      <Filter>input</Filter>
    </ClCompile>
  </ItemGroup>
  <ItemGroup>
    <NASM Include="_fast_cpy.asm" />
    <NASM Include="callback.asm" />
  </ItemGroup>
</Project>