<?xml version="1.0" encoding="utf-8"?>
<Project ToolsVersion="4.0" xmlns="http://schemas.microsoft.com/developer/msbuild/2003">
  <ItemGroup>
    <Filter Include="source">
      <UniqueIdentifier>{7d9a1023-bfd7-48f5-b7bb-7ab6a05626f2}</UniqueIdentifier>
    </Filter>
    <Filter Include="include">
      <UniqueIdentifier>{9b401f6f-f025-4d9a-8134-9444fdc3cfdf}</UniqueIdentifier>
    </Filter>
    <Filter Include="source\quince">
      <UniqueIdentifier>{8db65174-e185-420e-ad3d-3b5ec08f746e}</UniqueIdentifier>
    </Filter>
    <Filter Include="include\ipc">
      <UniqueIdentifier>{d7e613fc-a246-449e-821b-7e5794c4fe98}</UniqueIdentifier>
    </Filter>
    <Filter Include="source\ipc">
      <UniqueIdentifier>{793047c6-c0a9-4863-8b63-9c7c57de4476}</UniqueIdentifier>
    </Filter>
    <Filter Include="include\QuWidget">
      <UniqueIdentifier>{b779814c-e1e2-40e2-9367-21f23e535786}</UniqueIdentifier>
    </Filter>
    <Filter Include="source\QuWidget">
      <UniqueIdentifier>{f8e28e4e-c008-415b-84bc-27107b1c6939}</UniqueIdentifier>
    </Filter>
    <Filter Include="include\QuCanvas">
      <UniqueIdentifier>{557319cc-0322-4a50-a9a2-f3f18564d095}</UniqueIdentifier>
    </Filter>
    <Filter Include="source\QuCanvas">
      <UniqueIdentifier>{c48d8b4a-94cc-4a6f-a030-41fad6e625fb}</UniqueIdentifier>
    </Filter>
    <Filter Include="include\QuWindow">
      <UniqueIdentifier>{5f7eca98-a191-4024-88a4-c0fadba2c89b}</UniqueIdentifier>
    </Filter>
    <Filter Include="source\QuWindow">
      <UniqueIdentifier>{9be39a8e-513e-48ff-9dc5-619408f70aa1}</UniqueIdentifier>
    </Filter>
  </ItemGroup>
  <ItemGroup>
    <ClCompile Include="source\quince\main.cpp">
      <Filter>source\quince</Filter>
    </ClCompile>
    <ClCompile Include="source\quince\QuBmpImage.cpp">
      <Filter>source\quince</Filter>
    </ClCompile>
    <ClCompile Include="source\ipc\_ipc_mouse.cpp">
      <Filter>source\ipc</Filter>
    </ClCompile>
    <ClCompile Include="include\QuEvent.cpp">
      <Filter>source\quince</Filter>
    </ClCompile>
    <ClCompile Include="source\quince\QuCursor.cpp">
      <Filter>source\quince</Filter>
    </ClCompile>
    <ClCompile Include="source\QuWidget\QuTaskbar.cpp">
      <Filter>source\QuWidget</Filter>
    </ClCompile>
    <ClCompile Include="source\QuWidget\QuWallpaper.cpp">
      <Filter>source\QuWidget</Filter>
    </ClCompile>
    <ClCompile Include="source\ipc\QuChannel.cpp">
      <Filter>source\ipc</Filter>
    </ClCompile>
    <ClCompile Include="source\QuCanvas\QuCanvasMngr.cpp">
      <Filter>source\QuCanvas</Filter>
    </ClCompile>
    <ClCompile Include="source\QuWindow\QuWindowMngr.cpp">
      <Filter>source\QuWindow</Filter>
    </ClCompile>
    <ClCompile Include="source\QuWindow\QuList.cpp">
      <Filter>source\QuWindow</Filter>
    </ClCompile>
    <ClCompile Include="include\QuWindow\QuList.h">
      <Filter>include\QuWindow</Filter>
    </ClCompile>
    <ClCompile Include="source\QuWindow\QuWindow.cpp">
      <Filter>source\QuWindow</Filter>
    </ClCompile>
    <ClCompile Include="source\QuWindow\QuWindowStyle.cpp">
      <Filter>source\QuWindow</Filter>
    </ClCompile>
    <ClCompile Include="source\QuWindow\QuTitleBar.cpp">
      <Filter>source\QuWindow</Filter>
    </ClCompile>
  </ItemGroup>
  <ItemGroup>
    <ClInclude Include="include\bmp_image.h">
      <Filter>include</Filter>
    </ClInclude>
    <ClInclude Include="include\ipc\_ipc_mouse.h">
      <Filter>include\ipc</Filter>
    </ClInclude>
    <ClInclude Include="include\QuEvent.h">
      <Filter>include</Filter>
    </ClInclude>
    <ClInclude Include="include\QuCursor.h">
      <Filter>include</Filter>
    </ClInclude>
    <ClInclude Include="include\QuWidget\QuTaskbar.h">
      <Filter>include\QuWidget</Filter>
    </ClInclude>
    <ClInclude Include="include\QuWidget\QuWallpaper.h">
      <Filter>include\QuWidget</Filter>
    </ClInclude>
    <ClInclude Include="include\ipc\QuChannel.h">
      <Filter>include\ipc</Filter>
    </ClInclude>
    <ClInclude Include="include\QuCode.h">
      <Filter>include</Filter>
    </ClInclude>
    <ClInclude Include="include\QuCanvas\QuCanvasMngr.h">
      <Filter>include\QuCanvas</Filter>
    </ClInclude>
    <ClInclude Include="include\QuWindow\QuWindowMngr.h">
      <Filter>include\QuWindow</Filter>
    </ClInclude>
    <ClInclude Include="include\QuWindow\QuWindow.h">
      <Filter>include\QuWindow</Filter>
    </ClInclude>
    <ClInclude Include="include\QuWindow\QuWindowStyle.h">
      <Filter>include\QuWindow</Filter>
    </ClInclude>
    <ClInclude Include="include\QuRect.h">
      <Filter>include</Filter>
    </ClInclude>
    <ClInclude Include="include\QuWindow\QuTitleBar.h">
      <Filter>include\QuWindow</Filter>
    </ClInclude>
  </ItemGroup>
</Project>