<?xml version="1.0" encoding="utf-8"?>
<Project ToolsVersion="4.0" xmlns="http://schemas.microsoft.com/developer/msbuild/2003">
  <ItemGroup>
    <ClCompile Include="sb16.cpp" />
    <ClCompile Include="dma.cpp" />
  </ItemGroup>
  <ItemGroup>
    <ClInclude Include="audio_sb16.h" />
    <ClInclude Include="dma.h" />
  </ItemGroup>
</Project>