<?xml version="1.0" encoding="utf-8"?>
<Project ToolsVersion="4.0" xmlns="http://schemas.microsoft.com/developer/msbuild/2003">
  <ItemGroup>
    <Filter Include="include">
      <UniqueIdentifier>{e9467283-5a78-4413-91ab-9bbe2464cb22}</UniqueIdentifier>
    </Filter>
    <Filter Include="source">
      <UniqueIdentifier>{1d32b75d-07e8-4692-b2a7-68a983a0947f}</UniqueIdentifier>
    </Filter>
    <Filter Include="include\psf">
      <UniqueIdentifier>{a9c1e161-85ee-4a82-9606-530665aa9251}</UniqueIdentifier>
    </Filter>
    <Filter Include="source\psf">
      <UniqueIdentifier>{423ea0d8-f746-4d23-81cd-ae426ca8ed4c}</UniqueIdentifier>
    </Filter>
    <Filter Include="include\jpg">
      <UniqueIdentifier>{607bee2c-14d2-4ac4-bd25-935033aeff09}</UniqueIdentifier>
    </Filter>
    <Filter Include="include\ssfn">
      <UniqueIdentifier>{b1e4a022-9e9d-407f-b913-56a86a9ff703}</UniqueIdentifier>
    </Filter>
    <Filter Include="include\ttf">
      <UniqueIdentifier>{8164c56b-ae65-405e-a8b3-edea543c10c0}</UniqueIdentifier>
    </Filter>
    <Filter Include="source\ttf">
      <UniqueIdentifier>{47632ede-142b-4015-8a1b-493a7823396f}</UniqueIdentifier>
    </Filter>
    <Filter Include="include\cff">
      <UniqueIdentifier>{9897d8e0-59cc-4150-a14e-79d984e91abd}</UniqueIdentifier>
    </Filter>
    <Filter Include="source\cff">
      <UniqueIdentifier>{a19e95f8-bd2a-4d07-8c43-f05cae10264a}</UniqueIdentifier>
    </Filter>
  </ItemGroup>
  <ItemGroup>
    <ClCompile Include="source\canvas.cpp">
      <Filter>source</Filter>
    </ClCompile>
    <ClCompile Include="source\psf\psf.cpp">
      <Filter>source\psf</Filter>
    </ClCompile>
    <ClCompile Include="source\acrylic.cpp">
      <Filter>source</Filter>
    </ClCompile>
    <ClCompile Include="source\image.cpp">
      <Filter>source</Filter>
    </ClCompile>
    <ClCompile Include="source\color.cpp">
      <Filter>source</Filter>
    </ClCompile>
    <ClCompile Include="source\ttf\ttf.cpp">
      <Filter>source\ttf</Filter>
    </ClCompile>
    <ClCompile Include="source\clientctx.cpp">
      <Filter>source</Filter>
    </ClCompile>
    <ClCompile Include="source\cff\cff.cpp">
      <Filter>source\cff</Filter>
    </ClCompile>
    <ClCompile Include="source\font.cpp">
      <Filter>source</Filter>
    </ClCompile>
  </ItemGroup>
  <ItemGroup>
    <ClInclude Include="include\canvas.h">
      <Filter>include</Filter>
    </ClInclude>
    <ClInclude Include="include\color.h">
      <Filter>include</Filter>
    </ClInclude>
    <ClInclude Include="include\psf\psf.h">
      <Filter>include\psf</Filter>
    </ClInclude>
    <ClInclude Include="include\acrylic.h">
      <Filter>include</Filter>
    </ClInclude>
    <ClInclude Include="include\jpg\jpeg_decoder.h">
      <Filter>include\jpg</Filter>
    </ClInclude>
    <ClInclude Include="include\image.h">
      <Filter>include</Filter>
    </ClInclude>
    <ClInclude Include="include\ssfn\ssfn.h">
      <Filter>include\ssfn</Filter>
    </ClInclude>
    <ClInclude Include="include\ttf\ttf.h">
      <Filter>include\ttf</Filter>
    </ClInclude>
    <ClInclude Include="include\arrayfont.h">
      <Filter>include</Filter>
    </ClInclude>
    <ClInclude Include="include\clientctx.h">
      <Filter>include</Filter>
    </ClInclude>
    <ClInclude Include="include\cff\cff.h">
      <Filter>include\cff</Filter>
    </ClInclude>
    <ClInclude Include="include\font.h">
      <Filter>include</Filter>
    </ClInclude>
  </ItemGroup>
</Project>