<?xml version="1.0" encoding="utf-8"?>
<Project ToolsVersion="4.0" xmlns="http://schemas.microsoft.com/developer/msbuild/2003">
  <ItemGroup>
    <ClCompile Include="main.cpp" />
    <ClCompile Include="xhci.cpp" />
    <ClCompile Include="xhci_cmd.cpp" />
    <ClCompile Include="usb_std_rq.cpp" />
  </ItemGroup>
  <ItemGroup>
    <ClInclude Include="xhci.h" />
    <ClInclude Include="xhci_cmd.h" />
    <ClInclude Include="usb_thr.h" />
    <ClInclude Include="usb_std_def.h" />
    <ClInclude Include="dev\usb_hid.h">
      <Filter>dev</Filter>
    </ClInclude>
  </ItemGroup>
  <ItemGroup>
    <Filter Include="dev">
      <UniqueIdentifier>{18d2f353-9835-4d04-8b52-752b1aa76c88}</UniqueIdentifier>
    </Filter>
  </ItemGroup>
</Project>