<?xml version="1.0" encoding="utf-8"?>
<Project ToolsVersion="4.0" xmlns="http://schemas.microsoft.com/developer/msbuild/2003">
  <ItemGroup>
    <Filter Include="include">
      <UniqueIdentifier>{5d911240-01dc-4dff-8c30-35ba51fe2a5c}</UniqueIdentifier>
    </Filter>
    <Filter Include="src">
      <UniqueIdentifier>{1d007548-a7b7-41e5-9180-6d28b0e0ab51}</UniqueIdentifier>
    </Filter>
    <Filter Include="src\common">
      <UniqueIdentifier>{d3ec8102-182a-43b0-a14d-4ce656389efa}</UniqueIdentifier>
    </Filter>
    <Filter Include="src\debugger">
      <UniqueIdentifier>{b5dc4f31-e66e-4a32-b13c-5232fd0dbda6}</UniqueIdentifier>
    </Filter>
    <Filter Include="src\disassembler">
      <UniqueIdentifier>{96aacfb3-4316-473a-9c5e-8f06481e3202}</UniqueIdentifier>
    </Filter>
    <Filter Include="src\tables">
      <UniqueIdentifier>{994745cd-9f16-400e-a455-5dacc3b90d49}</UniqueIdentifier>
    </Filter>
    <Filter Include="src\dispatcher">
      <UniqueIdentifier>{eaafd485-7c02-4c0d-89cc-04a49f8d419e}</UniqueIdentifier>
    </Filter>
    <Filter Include="src\events">
      <UniqueIdentifier>{2fec1be1-c80b-494a-87eb-e1f42560dfdc}</UniqueIdentifier>
    </Filter>
    <Filter Include="src\hardware">
      <UniqueIdentifier>{0fbbc03f-3219-4301-ba38-5ed4132009c9}</UniqueIdentifier>
    </Filter>
    <Filter Include="src\parser">
      <UniqueIdentifier>{9411100a-35b5-4cb1-b5c3-971c5aa54ae9}</UniqueIdentifier>
    </Filter>
    <Filter Include="src\resources">
      <UniqueIdentifier>{4f841ace-59e0-48b5-9441-42a17a34d003}</UniqueIdentifier>
    </Filter>
    <Filter Include="src\interpreter">
      <UniqueIdentifier>{e739e6f7-44dc-4201-acb8-2b5a9cfc0eb7}</UniqueIdentifier>
    </Filter>
    <Filter Include="src\namespace">
      <UniqueIdentifier>{a9ceafa9-79cc-4085-b004-878266ff06da}</UniqueIdentifier>
    </Filter>
    <Filter Include="src\utilities">
      <UniqueIdentifier>{257991c7-a981-45f1-8fe0-388505303f7b}</UniqueIdentifier>
    </Filter>
    <Filter Include="src\xeneva">
      <UniqueIdentifier>{3e59e3c2-de47-49b1-ae7c-25b79d8168ae}</UniqueIdentifier>
    </Filter>
  </ItemGroup>
  <ItemGroup>
    <ClInclude Include="include\acbuffer.h">
      <Filter>include</Filter>
    </ClInclude>
    <ClInclude Include="include\accommon.h">
      <Filter>include</Filter>
    </ClInclude>
    <ClInclude Include="include\acconfig.h">
      <Filter>include</Filter>
    </ClInclude>
    <ClInclude Include="include\acdebug.h">
      <Filter>include</Filter>
    </ClInclude>
    <ClInclude Include="include\acdisasm.h">
      <Filter>include</Filter>
    </ClInclude>
    <ClInclude Include="include\acdispat.h">
      <Filter>include</Filter>
    </ClInclude>
    <ClInclude Include="include\acefi.h">
      <Filter>include</Filter>
    </ClInclude>
    <ClInclude Include="include\acenv.h">
      <Filter>include</Filter>
    </ClInclude>
    <ClInclude Include="include\acevents.h">
      <Filter>include</Filter>
    </ClInclude>
    <ClInclude Include="include\acexcep.h">
      <Filter>include</Filter>
    </ClInclude>
    <ClInclude Include="include\acfreebsd.h">
      <Filter>include</Filter>
    </ClInclude>
    <ClInclude Include="include\acgcc.h">
      <Filter>include</Filter>
    </ClInclude>
    <ClInclude Include="include\acglobal.h">
      <Filter>include</Filter>
    </ClInclude>
    <ClInclude Include="include\achware.h">
      <Filter>include</Filter>
    </ClInclude>
    <ClInclude Include="include\acinterp.h">
      <Filter>include</Filter>
    </ClInclude>
    <ClInclude Include="include\aclinux.h">
      <Filter>include</Filter>
    </ClInclude>
    <ClInclude Include="include\aclocal.h">
      <Filter>include</Filter>
    </ClInclude>
    <ClInclude Include="include\acmacros.h">
      <Filter>include</Filter>
    </ClInclude>
    <ClInclude Include="include\acmsvc.h">
      <Filter>include</Filter>
    </ClInclude>
    <ClInclude Include="include\acnames.h">
      <Filter>include</Filter>
    </ClInclude>
    <ClInclude Include="include\acnamesp.h">
      <Filter>include</Filter>
    </ClInclude>
    <ClInclude Include="include\acobject.h">
      <Filter>include</Filter>
    </ClInclude>
    <ClInclude Include="include\acopcode.h">
      <Filter>include</Filter>
    </ClInclude>
    <ClInclude Include="include\acoutput.h">
      <Filter>include</Filter>
    </ClInclude>
    <ClInclude Include="include\acparser.h">
      <Filter>include</Filter>
    </ClInclude>
    <ClInclude Include="include\acpi.h">
      <Filter>include</Filter>
    </ClInclude>
    <ClInclude Include="include\acpiosxf.h">
      <Filter>include</Filter>
    </ClInclude>
    <ClInclude Include="include\acpixf.h">
      <Filter>include</Filter>
    </ClInclude>
    <ClInclude Include="include\acpredef.h">
      <Filter>include</Filter>
    </ClInclude>
    <ClInclude Include="include\acresrc.h">
      <Filter>include</Filter>
    </ClInclude>
    <ClInclude Include="include\acstruct.h">
      <Filter>include</Filter>
    </ClInclude>
    <ClInclude Include="include\actables.h">
      <Filter>include</Filter>
    </ClInclude>
    <ClInclude Include="include\actbl.h">
      <Filter>include</Filter>
    </ClInclude>
    <ClInclude Include="include\actbl1.h">
      <Filter>include</Filter>
    </ClInclude>
    <ClInclude Include="include\actbl2.h">
      <Filter>include</Filter>
    </ClInclude>
    <ClInclude Include="include\actypes.h">
      <Filter>include</Filter>
    </ClInclude>
    <ClInclude Include="include\acutils.h">
      <Filter>include</Filter>
    </ClInclude>
    <ClInclude Include="include\acwin.h">
      <Filter>include</Filter>
    </ClInclude>
    <ClInclude Include="include\acwin64.h">
      <Filter>include</Filter>
    </ClInclude>
    <ClInclude Include="include\amlcode.h">
      <Filter>include</Filter>
    </ClInclude>
    <ClInclude Include="include\amlresrc.h">
      <Filter>include</Filter>
    </ClInclude>
    <ClInclude Include="include\acapps.h">
      <Filter>include</Filter>
    </ClInclude>
    <ClInclude Include="include\actbl3.h">
      <Filter>include</Filter>
    </ClInclude>
    <ClInclude Include="include\acuuid.h">
      <Filter>include</Filter>
    </ClInclude>
    <ClInclude Include="include\acrestyp.h">
      <Filter>include</Filter>
    </ClInclude>
    <ClInclude Include="include\acenvex.h">
      <Filter>include</Filter>
    </ClInclude>
    <ClInclude Include="include\acclib.h">
      <Filter>include</Filter>
    </ClInclude>
  </ItemGroup>
  <ItemGroup>
    <ClCompile Include="components\common\acgetline.c">
      <Filter>src\common</Filter>
    </ClCompile>
    <ClCompile Include="components\common\adwalk.c">
      <Filter>src\common</Filter>
    </ClCompile>
    <ClCompile Include="components\common\ahids.c">
      <Filter>src\common</Filter>
    </ClCompile>
    <ClCompile Include="components\common\ahpredef.c">
      <Filter>src\common</Filter>
    </ClCompile>
    <ClCompile Include="components\common\ahtable.c">
      <Filter>src\common</Filter>
    </ClCompile>
    <ClCompile Include="components\common\ahuuids.c">
      <Filter>src\common</Filter>
    </ClCompile>
    <ClCompile Include="components\common\cmfsize.c">
      <Filter>src\common</Filter>
    </ClCompile>
    <ClCompile Include="components\common\dmtbdump.c">
      <Filter>src\common</Filter>
    </ClCompile>
    <ClCompile Include="components\common\dmtbinfo.c">
      <Filter>src\common</Filter>
    </ClCompile>
    <ClCompile Include="components\common\getopt.c">
      <Filter>src\common</Filter>
    </ClCompile>
    <ClCompile Include="components\debugger\dbcmds.c">
      <Filter>src\debugger</Filter>
    </ClCompile>
    <ClCompile Include="components\debugger\dbconvert.c">
      <Filter>src\debugger</Filter>
    </ClCompile>
    <ClCompile Include="components\debugger\dbdisply.c">
      <Filter>src\debugger</Filter>
    </ClCompile>
    <ClCompile Include="components\debugger\dbexec.c">
      <Filter>src\debugger</Filter>
    </ClCompile>
    <ClCompile Include="components\debugger\dbfileio.c">
      <Filter>src\debugger</Filter>
    </ClCompile>
    <ClCompile Include="components\debugger\dbhistry.c">
      <Filter>src\debugger</Filter>
    </ClCompile>
    <ClCompile Include="components\debugger\dbinput.c">
      <Filter>src\debugger</Filter>
    </ClCompile>
    <ClCompile Include="components\debugger\dbmethod.c">
      <Filter>src\debugger</Filter>
    </ClCompile>
    <ClCompile Include="components\debugger\dbnames.c">
      <Filter>src\debugger</Filter>
    </ClCompile>
    <ClCompile Include="components\debugger\dbstats.c">
      <Filter>src\debugger</Filter>
    </ClCompile>
    <ClCompile Include="components\debugger\dbtest.c">
      <Filter>src\debugger</Filter>
    </ClCompile>
    <ClCompile Include="components\debugger\dbutils.c">
      <Filter>src\debugger</Filter>
    </ClCompile>
    <ClCompile Include="components\debugger\dbxface.c">
      <Filter>src\debugger</Filter>
    </ClCompile>
    <ClCompile Include="components\disassembler\dmbuffer.c">
      <Filter>src\disassembler</Filter>
    </ClCompile>
    <ClCompile Include="components\disassembler\dmcstyle.c">
      <Filter>src\disassembler</Filter>
    </ClCompile>
    <ClCompile Include="components\disassembler\dmdeferred.c">
      <Filter>src\disassembler</Filter>
    </ClCompile>
    <ClCompile Include="components\disassembler\dmnames.c">
      <Filter>src\disassembler</Filter>
    </ClCompile>
    <ClCompile Include="components\disassembler\dmobject.c">
      <Filter>src\disassembler</Filter>
    </ClCompile>
    <ClCompile Include="components\disassembler\dmopcode.c">
      <Filter>src\disassembler</Filter>
    </ClCompile>
    <ClCompile Include="components\disassembler\dmresrc.c">
      <Filter>src\disassembler</Filter>
    </ClCompile>
    <ClCompile Include="components\disassembler\dmresrcl.c">
      <Filter>src\disassembler</Filter>
    </ClCompile>
    <ClCompile Include="components\disassembler\dmresrcl2.c">
      <Filter>src\disassembler</Filter>
    </ClCompile>
    <ClCompile Include="components\disassembler\dmresrcs.c">
      <Filter>src\disassembler</Filter>
    </ClCompile>
    <ClCompile Include="components\disassembler\dmutils.c">
      <Filter>src\disassembler</Filter>
    </ClCompile>
    <ClCompile Include="components\disassembler\dmwalk.c">
      <Filter>src\disassembler</Filter>
    </ClCompile>
    <ClCompile Include="components\tables\tbdata.c">
      <Filter>src\tables</Filter>
    </ClCompile>
    <ClCompile Include="components\tables\tbfadt.c">
      <Filter>src\tables</Filter>
    </ClCompile>
    <ClCompile Include="components\tables\tbfind.c">
      <Filter>src\tables</Filter>
    </ClCompile>
    <ClCompile Include="components\tables\tbinstal.c">
      <Filter>src\tables</Filter>
    </ClCompile>
    <ClCompile Include="components\tables\tbprint.c">
      <Filter>src\tables</Filter>
    </ClCompile>
    <ClCompile Include="components\tables\tbutils.c">
      <Filter>src\tables</Filter>
    </ClCompile>
    <ClCompile Include="components\tables\tbxface.c">
      <Filter>src\tables</Filter>
    </ClCompile>
    <ClCompile Include="components\tables\tbxfload.c">
      <Filter>src\tables</Filter>
    </ClCompile>
    <ClCompile Include="components\tables\tbxfroot.c">
      <Filter>src\tables</Filter>
    </ClCompile>
    <ClCompile Include="components\dispatcher\dsargc.c">
      <Filter>src\dispatcher</Filter>
    </ClCompile>
    <ClCompile Include="components\dispatcher\dscontrol.c">
      <Filter>src\dispatcher</Filter>
    </ClCompile>
    <ClCompile Include="components\dispatcher\dsfield.c">
      <Filter>src\dispatcher</Filter>
    </ClCompile>
    <ClCompile Include="components\dispatcher\dsinit.c">
      <Filter>src\dispatcher</Filter>
    </ClCompile>
    <ClCompile Include="components\dispatcher\dsmethod.c">
      <Filter>src\dispatcher</Filter>
    </ClCompile>
    <ClCompile Include="components\dispatcher\dsmthdat.c">
      <Filter>src\dispatcher</Filter>
    </ClCompile>
    <ClCompile Include="components\dispatcher\dsobject.c">
      <Filter>src\dispatcher</Filter>
    </ClCompile>
    <ClCompile Include="components\dispatcher\dsopcode.c">
      <Filter>src\dispatcher</Filter>
    </ClCompile>
    <ClCompile Include="components\dispatcher\dsutils.c">
      <Filter>src\dispatcher</Filter>
    </ClCompile>
    <ClCompile Include="components\dispatcher\dswexec.c">
      <Filter>src\dispatcher</Filter>
    </ClCompile>
    <ClCompile Include="components\dispatcher\dswload.c">
      <Filter>src\dispatcher</Filter>
    </ClCompile>
    <ClCompile Include="components\dispatcher\dswload2.c">
      <Filter>src\dispatcher</Filter>
    </ClCompile>
    <ClCompile Include="components\dispatcher\dswscope.c">
      <Filter>src\dispatcher</Filter>
    </ClCompile>
    <ClCompile Include="components\dispatcher\dswstate.c">
      <Filter>src\dispatcher</Filter>
    </ClCompile>
    <ClCompile Include="components\events\evevent.c">
      <Filter>src\events</Filter>
    </ClCompile>
    <ClCompile Include="components\events\evglock.c">
      <Filter>src\events</Filter>
    </ClCompile>
    <ClCompile Include="components\events\evgpe.c">
      <Filter>src\events</Filter>
    </ClCompile>
    <ClCompile Include="components\events\evgpeblk.c">
      <Filter>src\events</Filter>
    </ClCompile>
    <ClCompile Include="components\events\evgpeinit.c">
      <Filter>src\events</Filter>
    </ClCompile>
    <ClCompile Include="components\events\evgpeutil.c">
      <Filter>src\events</Filter>
    </ClCompile>
    <ClCompile Include="components\events\evhandler.c">
      <Filter>src\events</Filter>
    </ClCompile>
    <ClCompile Include="components\events\evmisc.c">
      <Filter>src\events</Filter>
    </ClCompile>
    <ClCompile Include="components\events\evregion.c">
      <Filter>src\events</Filter>
    </ClCompile>
    <ClCompile Include="components\events\evrgnini.c">
      <Filter>src\events</Filter>
    </ClCompile>
    <ClCompile Include="components\events\evsci.c">
      <Filter>src\events</Filter>
    </ClCompile>
    <ClCompile Include="components\events\evxface.c">
      <Filter>src\events</Filter>
    </ClCompile>
    <ClCompile Include="components\events\evxfevnt.c">
      <Filter>src\events</Filter>
    </ClCompile>
    <ClCompile Include="components\events\evxfgpe.c">
      <Filter>src\events</Filter>
    </ClCompile>
    <ClCompile Include="components\events\evxfregn.c">
      <Filter>src\events</Filter>
    </ClCompile>
    <ClCompile Include="components\hardware\hwacpi.c">
      <Filter>src\hardware</Filter>
    </ClCompile>
    <ClCompile Include="components\hardware\hwesleep.c">
      <Filter>src\hardware</Filter>
    </ClCompile>
    <ClCompile Include="components\hardware\hwgpe.c">
      <Filter>src\hardware</Filter>
    </ClCompile>
    <ClCompile Include="components\hardware\hwpci.c">
      <Filter>src\hardware</Filter>
    </ClCompile>
    <ClCompile Include="components\hardware\hwregs.c">
      <Filter>src\hardware</Filter>
    </ClCompile>
    <ClCompile Include="components\hardware\hwsleep.c">
      <Filter>src\hardware</Filter>
    </ClCompile>
    <ClCompile Include="components\hardware\hwtimer.c">
      <Filter>src\hardware</Filter>
    </ClCompile>
    <ClCompile Include="components\hardware\hwvalid.c">
      <Filter>src\hardware</Filter>
    </ClCompile>
    <ClCompile Include="components\hardware\hwxface.c">
      <Filter>src\hardware</Filter>
    </ClCompile>
    <ClCompile Include="components\hardware\hwxfsleep.c">
      <Filter>src\hardware</Filter>
    </ClCompile>
    <ClCompile Include="components\parser\psargs.c">
      <Filter>src\parser</Filter>
    </ClCompile>
    <ClCompile Include="components\parser\psloop.c">
      <Filter>src\parser</Filter>
    </ClCompile>
    <ClCompile Include="components\parser\psobject.c">
      <Filter>src\parser</Filter>
    </ClCompile>
    <ClCompile Include="components\parser\psopcode.c">
      <Filter>src\parser</Filter>
    </ClCompile>
    <ClCompile Include="components\parser\psopinfo.c">
      <Filter>src\parser</Filter>
    </ClCompile>
    <ClCompile Include="components\parser\psparse.c">
      <Filter>src\parser</Filter>
    </ClCompile>
    <ClCompile Include="components\parser\psscope.c">
      <Filter>src\parser</Filter>
    </ClCompile>
    <ClCompile Include="components\parser\pstree.c">
      <Filter>src\parser</Filter>
    </ClCompile>
    <ClCompile Include="components\parser\psutils.c">
      <Filter>src\parser</Filter>
    </ClCompile>
    <ClCompile Include="components\parser\pswalk.c">
      <Filter>src\parser</Filter>
    </ClCompile>
    <ClCompile Include="components\parser\psxface.c">
      <Filter>src\parser</Filter>
    </ClCompile>
    <ClCompile Include="components\resources\rsaddr.c">
      <Filter>src\resources</Filter>
    </ClCompile>
    <ClCompile Include="components\resources\rscalc.c">
      <Filter>src\resources</Filter>
    </ClCompile>
    <ClCompile Include="components\resources\rscreate.c">
      <Filter>src\resources</Filter>
    </ClCompile>
    <ClCompile Include="components\resources\rsdump.c">
      <Filter>src\resources</Filter>
    </ClCompile>
    <ClCompile Include="components\resources\rsdumpinfo.c">
      <Filter>src\resources</Filter>
    </ClCompile>
    <ClCompile Include="components\resources\rsinfo.c">
      <Filter>src\resources</Filter>
    </ClCompile>
    <ClCompile Include="components\resources\rsio.c">
      <Filter>src\resources</Filter>
    </ClCompile>
    <ClCompile Include="components\resources\rsirq.c">
      <Filter>src\resources</Filter>
    </ClCompile>
    <ClCompile Include="components\resources\rslist.c">
      <Filter>src\resources</Filter>
    </ClCompile>
    <ClCompile Include="components\resources\rsmemory.c">
      <Filter>src\resources</Filter>
    </ClCompile>
    <ClCompile Include="components\resources\rsmisc.c">
      <Filter>src\resources</Filter>
    </ClCompile>
    <ClCompile Include="components\resources\rsserial.c">
      <Filter>src\resources</Filter>
    </ClCompile>
    <ClCompile Include="components\resources\rsutils.c">
      <Filter>src\resources</Filter>
    </ClCompile>
    <ClCompile Include="components\resources\rsxface.c">
      <Filter>src\resources</Filter>
    </ClCompile>
    <ClCompile Include="components\interpreter\exconfig.c">
      <Filter>src\interpreter</Filter>
    </ClCompile>
    <ClCompile Include="components\interpreter\exconvrt.c">
      <Filter>src\interpreter</Filter>
    </ClCompile>
    <ClCompile Include="components\interpreter\excreate.c">
      <Filter>src\interpreter</Filter>
    </ClCompile>
    <ClCompile Include="components\interpreter\exdebug.c">
      <Filter>src\interpreter</Filter>
    </ClCompile>
    <ClCompile Include="components\interpreter\exdump.c">
      <Filter>src\interpreter</Filter>
    </ClCompile>
    <ClCompile Include="components\interpreter\exfield.c">
      <Filter>src\interpreter</Filter>
    </ClCompile>
    <ClCompile Include="components\interpreter\exfldio.c">
      <Filter>src\interpreter</Filter>
    </ClCompile>
    <ClCompile Include="components\interpreter\exmisc.c">
      <Filter>src\interpreter</Filter>
    </ClCompile>
    <ClCompile Include="components\interpreter\exmutex.c">
      <Filter>src\interpreter</Filter>
    </ClCompile>
    <ClCompile Include="components\interpreter\exnames.c">
      <Filter>src\interpreter</Filter>
    </ClCompile>
    <ClCompile Include="components\interpreter\exoparg1.c">
      <Filter>src\interpreter</Filter>
    </ClCompile>
    <ClCompile Include="components\interpreter\exoparg2.c">
      <Filter>src\interpreter</Filter>
    </ClCompile>
    <ClCompile Include="components\interpreter\exoparg3.c">
      <Filter>src\interpreter</Filter>
    </ClCompile>
    <ClCompile Include="components\interpreter\exoparg6.c">
      <Filter>src\interpreter</Filter>
    </ClCompile>
    <ClCompile Include="components\interpreter\exprep.c">
      <Filter>src\interpreter</Filter>
    </ClCompile>
    <ClCompile Include="components\interpreter\exregion.c">
      <Filter>src\interpreter</Filter>
    </ClCompile>
    <ClCompile Include="components\interpreter\exresnte.c">
      <Filter>src\interpreter</Filter>
    </ClCompile>
    <ClCompile Include="components\interpreter\exresolv.c">
      <Filter>src\interpreter</Filter>
    </ClCompile>
    <ClCompile Include="components\interpreter\exresop.c">
      <Filter>src\interpreter</Filter>
    </ClCompile>
    <ClCompile Include="components\interpreter\exstore.c">
      <Filter>src\interpreter</Filter>
    </ClCompile>
    <ClCompile Include="components\interpreter\exstoren.c">
      <Filter>src\interpreter</Filter>
    </ClCompile>
    <ClCompile Include="components\interpreter\exstorob.c">
      <Filter>src\interpreter</Filter>
    </ClCompile>
    <ClCompile Include="components\interpreter\exsystem.c">
      <Filter>src\interpreter</Filter>
    </ClCompile>
    <ClCompile Include="components\interpreter\exutils.c">
      <Filter>src\interpreter</Filter>
    </ClCompile>
    <ClCompile Include="components\namespace\nsaccess.c">
      <Filter>src\namespace</Filter>
    </ClCompile>
    <ClCompile Include="components\namespace\nsalloc.c">
      <Filter>src\namespace</Filter>
    </ClCompile>
    <ClCompile Include="components\namespace\nsarguments.c">
      <Filter>src\namespace</Filter>
    </ClCompile>
    <ClCompile Include="components\namespace\nsconvert.c">
      <Filter>src\namespace</Filter>
    </ClCompile>
    <ClCompile Include="components\namespace\nsdump.c">
      <Filter>src\namespace</Filter>
    </ClCompile>
    <ClCompile Include="components\namespace\nseval.c">
      <Filter>src\namespace</Filter>
    </ClCompile>
    <ClCompile Include="components\namespace\nsinit.c">
      <Filter>src\namespace</Filter>
    </ClCompile>
    <ClCompile Include="components\namespace\nsload.c">
      <Filter>src\namespace</Filter>
    </ClCompile>
    <ClCompile Include="components\namespace\nsnames.c">
      <Filter>src\namespace</Filter>
    </ClCompile>
    <ClCompile Include="components\namespace\nsobject.c">
      <Filter>src\namespace</Filter>
    </ClCompile>
    <ClCompile Include="components\namespace\nsparse.c">
      <Filter>src\namespace</Filter>
    </ClCompile>
    <ClCompile Include="components\namespace\nspredef.c">
      <Filter>src\namespace</Filter>
    </ClCompile>
    <ClCompile Include="components\namespace\nsprepkg.c">
      <Filter>src\namespace</Filter>
    </ClCompile>
    <ClCompile Include="components\namespace\nsrepair.c">
      <Filter>src\namespace</Filter>
    </ClCompile>
    <ClCompile Include="components\namespace\nsrepair2.c">
      <Filter>src\namespace</Filter>
    </ClCompile>
    <ClCompile Include="components\namespace\nssearch.c">
      <Filter>src\namespace</Filter>
    </ClCompile>
    <ClCompile Include="components\namespace\nsutils.c">
      <Filter>src\namespace</Filter>
    </ClCompile>
    <ClCompile Include="components\namespace\nswalk.c">
      <Filter>src\namespace</Filter>
    </ClCompile>
    <ClCompile Include="components\namespace\nsxfeval.c">
      <Filter>src\namespace</Filter>
    </ClCompile>
    <ClCompile Include="components\namespace\nsxfname.c">
      <Filter>src\namespace</Filter>
    </ClCompile>
    <ClCompile Include="components\namespace\nsxfobj.c">
      <Filter>src\namespace</Filter>
    </ClCompile>
    <ClCompile Include="components\utilities\utaddress.c">
      <Filter>src\utilities</Filter>
    </ClCompile>
    <ClCompile Include="components\utilities\utalloc.c">
      <Filter>src\utilities</Filter>
    </ClCompile>
    <ClCompile Include="components\utilities\utbuffer.c">
      <Filter>src\utilities</Filter>
    </ClCompile>
    <ClCompile Include="components\utilities\utcache.c">
      <Filter>src\utilities</Filter>
    </ClCompile>
    <ClCompile Include="components\utilities\utclib.c">
      <Filter>src\utilities</Filter>
    </ClCompile>
    <ClCompile Include="components\utilities\utcopy.c">
      <Filter>src\utilities</Filter>
    </ClCompile>
    <ClCompile Include="components\utilities\utdebug.c">
      <Filter>src\utilities</Filter>
    </ClCompile>
    <ClCompile Include="components\utilities\utdecode.c">
      <Filter>src\utilities</Filter>
    </ClCompile>
    <ClCompile Include="components\utilities\utdelete.c">
      <Filter>src\utilities</Filter>
    </ClCompile>
    <ClCompile Include="components\utilities\uterror.c">
      <Filter>src\utilities</Filter>
    </ClCompile>
    <ClCompile Include="components\utilities\uteval.c">
      <Filter>src\utilities</Filter>
    </ClCompile>
    <ClCompile Include="components\utilities\utexcep.c">
      <Filter>src\utilities</Filter>
    </ClCompile>
    <ClCompile Include="components\utilities\utglobal.c">
      <Filter>src\utilities</Filter>
    </ClCompile>
    <ClCompile Include="components\utilities\uthex.c">
      <Filter>src\utilities</Filter>
    </ClCompile>
    <ClCompile Include="components\utilities\utids.c">
      <Filter>src\utilities</Filter>
    </ClCompile>
    <ClCompile Include="components\utilities\utinit.c">
      <Filter>src\utilities</Filter>
    </ClCompile>
    <ClCompile Include="components\utilities\utlock.c">
      <Filter>src\utilities</Filter>
    </ClCompile>
    <ClCompile Include="components\utilities\utmath.c">
      <Filter>src\utilities</Filter>
    </ClCompile>
    <ClCompile Include="components\utilities\utmisc.c">
      <Filter>src\utilities</Filter>
    </ClCompile>
    <ClCompile Include="components\utilities\utmutex.c">
      <Filter>src\utilities</Filter>
    </ClCompile>
    <ClCompile Include="components\utilities\utobject.c">
      <Filter>src\utilities</Filter>
    </ClCompile>
    <ClCompile Include="components\utilities\utosi.c">
      <Filter>src\utilities</Filter>
    </ClCompile>
    <ClCompile Include="components\utilities\utownerid.c">
      <Filter>src\utilities</Filter>
    </ClCompile>
    <ClCompile Include="components\utilities\utpredef.c">
      <Filter>src\utilities</Filter>
    </ClCompile>
    <ClCompile Include="components\utilities\utprint.c">
      <Filter>src\utilities</Filter>
    </ClCompile>
    <ClCompile Include="components\utilities\utresrc.c">
      <Filter>src\utilities</Filter>
    </ClCompile>
    <ClCompile Include="components\utilities\utstate.c">
      <Filter>src\utilities</Filter>
    </ClCompile>
    <ClCompile Include="components\utilities\utstring.c">
      <Filter>src\utilities</Filter>
    </ClCompile>
    <ClCompile Include="components\utilities\utuuid.c">
      <Filter>src\utilities</Filter>
    </ClCompile>
    <ClCompile Include="components\utilities\utxface.c">
      <Filter>src\utilities</Filter>
    </ClCompile>
    <ClCompile Include="components\utilities\utxferror.c">
      <Filter>src\utilities</Filter>
    </ClCompile>
    <ClCompile Include="components\utilities\utxfinit.c">
      <Filter>src\utilities</Filter>
    </ClCompile>
    <ClCompile Include="components\utilities\utxfmutex.c">
      <Filter>src\utilities</Filter>
    </ClCompile>
    <ClCompile Include="components\xeneva\xenevaosi.cpp">
      <Filter>src\xeneva</Filter>
    </ClCompile>
  </ItemGroup>
</Project>