<?xml version="1.0" encoding="utf-8"?>
<Project ToolsVersion="4.0" xmlns="http://schemas.microsoft.com/developer/msbuild/2003">
  <ItemGroup>
    <ClInclude Include="daisy.h" />
    <ClInclude Include="daisy_event_stack.h" />
    <ClInclude Include="daisy_priwm_window.h" />
    <ClInclude Include="daisy_window.h" />
    <ClInclude Include="daisy_window_painter.h" />
    <ClInclude Include="daisy_widget.h" />
    <ClInclude Include="list.h" />
    <ClInclude Include="daisy_widget_panel.h" />
    <ClInclude Include="daisy_widget_button.h" />
    <ClInclude Include="daisy_widget_label.h" />
    <ClInclude Include="daisy_widget_slider.h" />
    <ClInclude Include="daisy_widget_onoff.h" />
    <ClInclude Include="daisy_scroll_view.h" />
    <ClInclude Include="daisy_widget_scrollbar.h" />
    <ClInclude Include="daisy_widget_list.h" />
  </ItemGroup>
  <ItemGroup>
    <ClCompile Include="daisy.cpp" />
    <ClCompile Include="daisy_event_stack.cpp" />
    <ClCompile Include="daisy_priwm_window.cpp" />
    <ClCompile Include="daisy_window.cpp" />
    <ClCompile Include="daisy_window_painter.cpp" />
    <ClCompile Include="list.cpp" />
    <ClCompile Include="daisy_widget_panel.cpp" />
    <ClCompile Include="daisy_widget_button.cpp" />
    <ClCompile Include="daisy_widget_label.cpp" />
    <ClCompile Include="daisy_widget_slider.cpp" />
    <ClCompile Include="daisy_widget_onoff.cpp" />
    <ClCompile Include="daisy_scroll_view.cpp" />
    <ClCompile Include="daisy_widget_scrollbar.cpp" />
    <ClCompile Include="daisy_widget_list.cpp" />
  </ItemGroup>
</Project>