<?xml version="1.0" encoding="utf-8"?>
<Project ToolsVersion="4.0" xmlns="http://schemas.microsoft.com/developer/msbuild/2003">
  <ItemGroup>
    <ClCompile Include="zlib.cpp" />
    <ClCompile Include="vector.cpp" />
    <ClCompile Include="util.cpp" />
    <ClCompile Include="unicode.cpp" />
    <ClCompile Include="sfn.cpp" />
    <ClCompile Include="bitmap.cpp" />
    <ClCompile Include="potracelib\curve.cpp">
      <Filter>potracelib</Filter>
    </ClCompile>
    <ClCompile Include="potracelib\decompose.cpp">
      <Filter>potracelib</Filter>
    </ClCompile>
    <ClCompile Include="potracelib\potracelib.cpp">
      <Filter>potracelib</Filter>
    </ClCompile>
    <ClCompile Include="potracelib\trace.cpp">
      <Filter>potracelib</Filter>
    </ClCompile>
    <ClCompile Include="ssfn.cpp" />
  </ItemGroup>
  <ItemGroup>
    <ClInclude Include="bitmap.h" />
    <ClInclude Include="libsfn.h" />
    <ClInclude Include="stb_png.h" />
    <ClInclude Include="unicode.h" />
    <ClInclude Include="util.h" />
    <ClInclude Include="vector.h" />
    <ClInclude Include="zlib.h" />
    <ClInclude Include="ssfn.h" />
    <ClInclude Include="potracelib\auxiliary.h">
      <Filter>potracelib</Filter>
    </ClInclude>
    <ClInclude Include="potracelib\bitmap.h">
      <Filter>potracelib</Filter>
    </ClInclude>
    <ClInclude Include="potracelib\curve.h">
      <Filter>potracelib</Filter>
    </ClInclude>
    <ClInclude Include="potracelib\decompose.h">
      <Filter>potracelib</Filter>
    </ClInclude>
    <ClInclude Include="potracelib\lists.h">
      <Filter>potracelib</Filter>
    </ClInclude>
    <ClInclude Include="potracelib\potracelib.h">
      <Filter>potracelib</Filter>
    </ClInclude>
    <ClInclude Include="potracelib\progress.h">
      <Filter>potracelib</Filter>
    </ClInclude>
    <ClInclude Include="potracelib\trace.h">
      <Filter>potracelib</Filter>
    </ClInclude>
  </ItemGroup>
  <ItemGroup>
    <Filter Include="potracelib">
      <UniqueIdentifier>{7003261f-f68c-4919-a3d6-ad471cfb3a18}</UniqueIdentifier>
    </Filter>
  </ItemGroup>
</Project>