<?xml version="1.0" encoding="utf-8"?>
<Project ToolsVersion="4.0" xmlns="http://schemas.microsoft.com/developer/msbuild/2003">
  <ItemGroup>
    <Filter Include="includes">
      <UniqueIdentifier>{93995380-89BD-4b04-88EB-625FBE52EBFB}</UniqueIdentifier>
      <Extensions>h;hpp;hxx;hm;inl;inc;xsd</Extensions>
    </Filter>
    <Filter Include="includes\styles">
      <UniqueIdentifier>{4e91cf01-bba4-4f84-87a5-18a1b27161ad}</UniqueIdentifier>
    </Filter>
    <Filter Include="styles">
      <UniqueIdentifier>{6e837fe6-56ab-4e9b-8bb1-5e8009d8d5ee}</UniqueIdentifier>
    </Filter>
  </ItemGroup>
  <ItemGroup>
    <ClCompile Include="xebase.cpp" />
    <ClCompile Include="xeloop.cpp" />
    <ClCompile Include="xewindow.cpp" />
    <ClCompile Include="styles\XEDefaultWinStyle.cpp">
      <Filter>styles</Filter>
    </ClCompile>
    <ClCompile Include="list.cpp" />
    <ClCompile Include="xe_glblctrl_close.cpp" />
    <ClCompile Include="xebutton.cpp" />
    <ClCompile Include="styles\XEDefaultButtonStyle.cpp">
      <Filter>styles</Filter>
    </ClCompile>
    <ClCompile Include="xeradiobutton.cpp" />
    <ClCompile Include="styles\XEDefaultRadioButtonStyle.cpp">
      <Filter>styles</Filter>
    </ClCompile>
    <ClCompile Include="xeradiogroup.cpp" />
    <ClCompile Include="styles\XEDefaultRadioGroupStyle.cpp">
      <Filter>styles</Filter>
    </ClCompile>
  </ItemGroup>
  <ItemGroup>
    <ClInclude Include="includes\xebase.h">
      <Filter>includes</Filter>
    </ClInclude>
    <ClInclude Include="includes\xeloop.h">
      <Filter>includes</Filter>
    </ClInclude>
    <ClInclude Include="includes\xewidgets.h">
      <Filter>includes</Filter>
    </ClInclude>
    <ClInclude Include="includes\xewindow.h">
      <Filter>includes</Filter>
    </ClInclude>
    <ClInclude Include="includes\styles\XEDefaultWinStyle.h">
      <Filter>includes\styles</Filter>
    </ClInclude>
    <ClInclude Include="includes\list.h">
      <Filter>includes</Filter>
    </ClInclude>
    <ClInclude Include="includes\xe_glblctrl_close.h">
      <Filter>includes</Filter>
    </ClInclude>
    <ClInclude Include="includes\xebutton.h">
      <Filter>includes</Filter>
    </ClInclude>
    <ClInclude Include="includes\xewidget.h">
      <Filter>includes</Filter>
    </ClInclude>
    <ClInclude Include="includes\styles\XEDefaultButtonStyle.h">
      <Filter>includes\styles</Filter>
    </ClInclude>
    <ClInclude Include="includes\xeradiobutton.h">
      <Filter>includes</Filter>
    </ClInclude>
    <ClInclude Include="includes\styles\XEDefaultRadioButtonStyle.h">
      <Filter>includes\styles</Filter>
    </ClInclude>
    <ClInclude Include="includes\xeradiogroup.h">
      <Filter>includes</Filter>
    </ClInclude>
    <ClInclude Include="includes\styles\XEDefaultRadioGroupStyle.h">
      <Filter>includes\styles</Filter>
    </ClInclude>
  </ItemGroup>
</Project>